
Microsoft Visual Studio Solution File, Format Version 12.00
# Visual Studio Version 17
VisualStudioVersion = 17.11.35312.102
MinimumVisualStudioVersion = 10.0.40219.1
Project("{FAE04EC0-301F-11D3-BF4B-00C04F79EFBC}") = "GoogleMapsVeriÇekme", "GoogleMapsVeriÇekme.csproj", "{B8190EBB-166B-4C86-B854-54469697424B}"
EndProject
Global
	GlobalSection(SolutionConfigurationPlatforms) = preSolution
		Debug|Any CPU = Debug|Any CPU
		Release|Any CPU = Release|Any CPU
	EndGlobalSection
	GlobalSection(ProjectConfigurationPlatforms) = postSolution
		{B8190EBB-166B-4C86-B854-54469697424B}.Debug|Any CPU.ActiveCfg = Debug|Any CPU
		{B8190EBB-166B-4C86-B854-54469697424B}.Debug|Any CPU.Build.0 = Debug|Any CPU
		{B8190EBB-166B-4C86-B854-54469697424B}.Release|Any CPU.ActiveCfg = Release|Any CPU
		{B8190EBB-166B-4C86-B854-54469697424B}.Release|Any CPU.Build.0 = Release|Any CPU
	EndGlobalSection
	GlobalSection(SolutionProperties) = preSolution
		HideSolutionNode = FALSE
	EndGlobalSection
	GlobalSection(ExtensibilityGlobals) = postSolution
		SolutionGuid = {44FE5FC5-E792-486C-A18D-883A61D46CC6}
	EndGlobalSection
EndGlobal
